# This file is automatically @generated by Cargo.
# It is not intended for manual editing.
version = 4

[[package]]
name = "kana-converter"
version = "0.1.0"
dependencies = [
 "romaji",
]

[[package]]
name = "romaji"
version = "0.1.1"
source = "registry+https://github.com/rust-lang/crates.io-index"
checksum = "e8a904298315f5fe2693cefe406da0c00c2056c43bc7d70920a1e979ffb526f9"
